
Microsoft Visual Studio Solution File, Format Version 12.00
# Visual Studio 2012
Project("{FAE04EC0-301F-11D3-BF4B-00C04F79EFBC}") = "Rastreio", "Rastreio\Rastreio.csproj", "{6DF2DB3E-8C76-483B-8DE0-86ACE84ABF6B}"
EndProject
Global
	GlobalSection(SolutionConfigurationPlatforms) = preSolution
		Debug|Any CPU = Debug|Any CPU
		Release|Any CPU = Release|Any CPU
	EndGlobalSection
	GlobalSection(ProjectConfigurationPlatforms) = postSolution
		{6DF2DB3E-8C76-483B-8DE0-86ACE84ABF6B}.Debug|Any CPU.ActiveCfg = Debug|Any CPU
		{6DF2DB3E-8C76-483B-8DE0-86ACE84ABF6B}.Debug|Any CPU.Build.0 = Debug|Any CPU
		{6DF2DB3E-8C76-483B-8DE0-86ACE84ABF6B}.Release|Any CPU.ActiveCfg = Release|Any CPU
		{6DF2DB3E-8C76-483B-8DE0-86ACE84ABF6B}.Release|Any CPU.Build.0 = Release|Any CPU
	EndGlobalSection
	GlobalSection(SolutionProperties) = preSolution
		HideSolutionNode = FALSE
	EndGlobalSection
EndGlobal
